<?xml version="1.0" encoding="utf-8"?>
<Project ToolsVersion="4.0" xmlns="http://schemas.microsoft.com/developer/msbuild/2003">
  <ItemGroup>
    <Filter Include="base">
      <UniqueIdentifier>{d9ba4507-132b-4cf2-ae0f-41496cd8b2e8}</UniqueIdentifier>
    </Filter>
    <Filter Include="render">
      <UniqueIdentifier>{ba8da845-2d24-478f-aab4-19e0d2274e47}</UniqueIdentifier>
    </Filter>
    <Filter Include="build">
      <UniqueIdentifier>{0c7100c1-6198-40d3-8d4a-d670e580e3dd}</UniqueIdentifier>
    </Filter>
    <Filter Include="core">
      <UniqueIdentifier>{af679ec0-ee8a-4b9b-9adb-b09139e5c9fb}</UniqueIdentifier>
    </Filter>
    <Filter Include="utils">
      <UniqueIdentifier>{2f70c853-ad50-4153-8016-e947fb8fc271}</UniqueIdentifier>
    </Filter>
    <Filter Include="third_party">
      <UniqueIdentifier>{a73f685d-3e44-4e0b-aef3-1e041f5d6ccb}</UniqueIdentifier>
    </Filter>
  </ItemGroup>
  <ItemGroup>
    <Text Include="ReadMe.txt" />
  </ItemGroup>
  <ItemGroup>
    <ClCompile Include="stdafx.cpp">
      <Filter>build</Filter>
    </ClCompile>
    <ClCompile Include="render\rect.cpp">
      <Filter>render</Filter>
    </ClCompile>
    <ClCompile Include="render\point.cpp">
      <Filter>render</Filter>
    </ClCompile>
    <ClCompile Include="render\size.cpp">
      <Filter>render</Filter>
    </ClCompile>
    <ClCompile Include="core\app.cpp">
      <Filter>core</Filter>
    </ClCompile>
    <ClCompile Include="utils\app_init_helper.cpp">
      <Filter>utils</Filter>
    </ClCompile>
    <ClCompile Include="utils\utils.cpp">
      <Filter>utils</Filter>
    </ClCompile>
    <ClCompile Include="core\widget.cpp">
      <Filter>core</Filter>
    </ClCompile>
    <ClCompile Include="core\view.cpp">
      <Filter>core</Filter>
    </ClCompile>
    <ClCompile Include="render\painter.cpp">
      <Filter>render</Filter>
    </ClCompile>
    <ClCompile Include="render\transform.cpp">
      <Filter>render</Filter>
    </ClCompile>
    <ClCompile Include="render\border.cpp">
      <Filter>render</Filter>
    </ClCompile>
    <ClCompile Include="third_party\stb_image.cpp">
      <Filter>third_party</Filter>
    </ClCompile>
    <ClCompile Include="render\image.cpp">
      <Filter>render</Filter>
    </ClCompile>
    <ClCompile Include="render\background.cpp">
      <Filter>render</Filter>
    </ClCompile>
    <ClCompile Include="utils\image_store.cpp">
      <Filter>utils</Filter>
    </ClCompile>
    <ClCompile Include="render\font.cpp">
      <Filter>render</Filter>
    </ClCompile>
    <ClCompile Include="render\range.cpp">
      <Filter>render</Filter>
    </ClCompile>
    <ClCompile Include="core\label.cpp">
      <Filter>core</Filter>
    </ClCompile>
    <ClCompile Include="render\padding.cpp">
      <Filter>render</Filter>
    </ClCompile>
    <ClCompile Include="core\widget_view.cpp">
      <Filter>core</Filter>
    </ClCompile>
    <ClCompile Include="core\widget_delegate.cpp">
      <Filter>core</Filter>
    </ClCompile>
    <ClCompile Include="core\event.cpp">
      <Filter>core</Filter>
    </ClCompile>
  </ItemGroup>
  <ItemGroup>
    <ClInclude Include="stdafx.h">
      <Filter>build</Filter>
    </ClInclude>
    <ClInclude Include="targetver.h">
      <Filter>build</Filter>
    </ClInclude>
    <ClInclude Include="base\basictypes.h">
      <Filter>base</Filter>
    </ClInclude>
    <ClInclude Include="base\scoped_ptr.h">
      <Filter>base</Filter>
    </ClInclude>
    <ClInclude Include="render\rect.h">
      <Filter>render</Filter>
    </ClInclude>
    <ClInclude Include="render\point.h">
      <Filter>render</Filter>
    </ClInclude>
    <ClInclude Include="render\size.h">
      <Filter>render</Filter>
    </ClInclude>
    <ClInclude Include="core\app.h">
      <Filter>core</Filter>
    </ClInclude>
    <ClInclude Include="utils\app_init_helper.h">
      <Filter>utils</Filter>
    </ClInclude>
    <ClInclude Include="utils\utils.h">
      <Filter>utils</Filter>
    </ClInclude>
    <ClInclude Include="core\widget.h">
      <Filter>core</Filter>
    </ClInclude>
    <ClInclude Include="core\view.h">
      <Filter>core</Filter>
    </ClInclude>
    <ClInclude Include="render\painter.h">
      <Filter>render</Filter>
    </ClInclude>
    <ClInclude Include="render\transform.h">
      <Filter>render</Filter>
    </ClInclude>
    <ClInclude Include="render\color.h">
      <Filter>render</Filter>
    </ClInclude>
    <ClInclude Include="render\border.h">
      <Filter>render</Filter>
    </ClInclude>
    <ClInclude Include="third_party\stb_image.h">
      <Filter>third_party</Filter>
    </ClInclude>
    <ClInclude Include="render\image.h">
      <Filter>render</Filter>
    </ClInclude>
    <ClInclude Include="base\ref_counted.h">
      <Filter>base</Filter>
    </ClInclude>
    <ClInclude Include="render\background.h">
      <Filter>render</Filter>
    </ClInclude>
    <ClInclude Include="utils\image_store.h">
      <Filter>utils</Filter>
    </ClInclude>
    <ClInclude Include="render\font.h">
      <Filter>render</Filter>
    </ClInclude>
    <ClInclude Include="render\range.h">
      <Filter>render</Filter>
    </ClInclude>
    <ClInclude Include="core\constants.h">
      <Filter>core</Filter>
    </ClInclude>
    <ClInclude Include="core\label.h">
      <Filter>core</Filter>
    </ClInclude>
    <ClInclude Include="render\padding.h">
      <Filter>render</Filter>
    </ClInclude>
    <ClInclude Include="core\widget_view.h">
      <Filter>core</Filter>
    </ClInclude>
    <ClInclude Include="core\widget_delegate.h">
      <Filter>core</Filter>
    </ClInclude>
    <ClInclude Include="core\event.h">
      <Filter>core</Filter>
    </ClInclude>
  </ItemGroup>
</Project>