<?xml version="1.0" encoding="utf-8"?>
<Project ToolsVersion="4.0" xmlns="http://schemas.microsoft.com/developer/msbuild/2003">
  <ItemGroup>
    <Filter Include="base">
      <UniqueIdentifier>{d9ba4507-132b-4cf2-ae0f-41496cd8b2e8}</UniqueIdentifier>
    </Filter>
    <Filter Include="render">
      <UniqueIdentifier>{ba8da845-2d24-478f-aab4-19e0d2274e47}</UniqueIdentifier>
    </Filter>
    <Filter Include="build">
      <UniqueIdentifier>{0c7100c1-6198-40d3-8d4a-d670e580e3dd}</UniqueIdentifier>
    </Filter>
    <Filter Include="core">
      <UniqueIdentifier>{af679ec0-ee8a-4b9b-9adb-b09139e5c9fb}</UniqueIdentifier>
    </Filter>
    <Filter Include="utils">
      <UniqueIdentifier>{2f70c853-ad50-4153-8016-e947fb8fc271}</UniqueIdentifier>
    </Filter>
    <Filter Include="third_party">
      <UniqueIdentifier>{a73f685d-3e44-4e0b-aef3-1e041f5d6ccb}</UniqueIdentifier>
    </Filter>
    <Filter Include="event">
      <UniqueIdentifier>{a58917d1-4790-4a79-bd8e-8730d572f302}</UniqueIdentifier>
    </Filter>
    <Filter Include="control">
      <UniqueIdentifier>{ae402361-0d1b-48b8-8b0e-98caf1de9803}</UniqueIdentifier>
    </Filter>
    <Filter Include="view">
      <UniqueIdentifier>{aa15fc41-6e24-49e8-967e-876d1fb7037b}</UniqueIdentifier>
    </Filter>
    <Filter Include="graphics">
      <UniqueIdentifier>{3f4eb8fd-4673-4267-bc25-00d5b46631c3}</UniqueIdentifier>
    </Filter>
    <Filter Include="dom">
      <UniqueIdentifier>{966e277f-09e0-4027-922a-b8db1577697e}</UniqueIdentifier>
    </Filter>
    <Filter Include="style">
      <UniqueIdentifier>{aa7fb73c-905b-45ea-b9e1-a46578b5eaa4}</UniqueIdentifier>
    </Filter>
    <Filter Include="third_party\gurl">
      <UniqueIdentifier>{829d8fb0-5f13-4e66-97e7-2de7c2318ace}</UniqueIdentifier>
    </Filter>
  </ItemGroup>
  <ItemGroup>
    <Text Include="ReadMe.txt" />
  </ItemGroup>
  <ItemGroup>
    <ClCompile Include="stdafx.cpp">
      <Filter>build</Filter>
    </ClCompile>
    <ClCompile Include="core\app.cpp">
      <Filter>core</Filter>
    </ClCompile>
    <ClCompile Include="utils\app_init_helper.cpp">
      <Filter>utils</Filter>
    </ClCompile>
    <ClCompile Include="utils\utils.cpp">
      <Filter>utils</Filter>
    </ClCompile>
    <ClCompile Include="core\widget.cpp">
      <Filter>core</Filter>
    </ClCompile>
    <ClCompile Include="third_party\stb_image.cpp">
      <Filter>third_party</Filter>
    </ClCompile>
    <ClCompile Include="utils\image_store.cpp">
      <Filter>utils</Filter>
    </ClCompile>
    <ClCompile Include="event\event.cpp">
      <Filter>event</Filter>
    </ClCompile>
    <ClCompile Include="event\mouse_event.cpp">
      <Filter>event</Filter>
    </ClCompile>
    <ClCompile Include="control\button.cpp">
      <Filter>control</Filter>
    </ClCompile>
    <ClCompile Include="event\key_event.cpp">
      <Filter>event</Filter>
    </ClCompile>
    <ClCompile Include="render\uniscribe.cpp">
      <Filter>render</Filter>
    </ClCompile>
    <ClCompile Include="control\window.cpp">
      <Filter>control</Filter>
    </ClCompile>
    <ClCompile Include="event\focus_evnet.cpp">
      <Filter>event</Filter>
    </ClCompile>
    <ClCompile Include="core\text.cpp">
      <Filter>graphics</Filter>
    </ClCompile>
    <ClCompile Include="control\text_view.cpp">
      <Filter>control</Filter>
    </ClCompile>
    <ClCompile Include="control\control_factory.cpp">
      <Filter>control</Filter>
    </ClCompile>
    <ClCompile Include="third_party\tinyxml2.cpp">
      <Filter>third_party</Filter>
    </ClCompile>
    <ClCompile Include="core\view_factory.cpp">
      <Filter>core</Filter>
    </ClCompile>
    <ClCompile Include="base\point.cpp">
      <Filter>base</Filter>
    </ClCompile>
    <ClCompile Include="base\range.cpp">
      <Filter>base</Filter>
    </ClCompile>
    <ClCompile Include="base\rect.cpp">
      <Filter>base</Filter>
    </ClCompile>
    <ClCompile Include="base\size.cpp">
      <Filter>base</Filter>
    </ClCompile>
    <ClCompile Include="base\matrix.cpp">
      <Filter>base</Filter>
    </ClCompile>
    <ClCompile Include="view\view.cpp">
      <Filter>view</Filter>
    </ClCompile>
    <ClCompile Include="view\view_background.cpp">
      <Filter>view</Filter>
    </ClCompile>
    <ClCompile Include="view\view_border.cpp">
      <Filter>view</Filter>
    </ClCompile>
    <ClCompile Include="view\view_container.cpp">
      <Filter>view</Filter>
    </ClCompile>
    <ClCompile Include="render\render_context.cpp">
      <Filter>render</Filter>
    </ClCompile>
    <ClCompile Include="base\value.cpp">
      <Filter>base</Filter>
    </ClCompile>
    <ClCompile Include="render\image.cpp">
      <Filter>render</Filter>
    </ClCompile>
    <ClCompile Include="utils\image_file.cpp">
      <Filter>utils</Filter>
    </ClCompile>
    <ClCompile Include="view\view_layout.cpp">
      <Filter>view</Filter>
    </ClCompile>
    <ClCompile Include="render\render_object.cpp">
      <Filter>render</Filter>
    </ClCompile>
    <ClCompile Include="dom\dom_document.cpp">
      <Filter>dom</Filter>
    </ClCompile>
    <ClCompile Include="dom\dom_element.cpp">
      <Filter>dom</Filter>
    </ClCompile>
    <ClCompile Include="dom\dom_node.cpp">
      <Filter>dom</Filter>
    </ClCompile>
    <ClCompile Include="control\window_builder.cpp">
      <Filter>control</Filter>
    </ClCompile>
    <ClCompile Include="utils\lex_parser.cpp">
      <Filter>utils</Filter>
    </ClCompile>
    <ClCompile Include="base\length.cpp">
      <Filter>base</Filter>
    </ClCompile>
    <ClCompile Include="style\style_scanner.cpp">
      <Filter>style</Filter>
    </ClCompile>
    <ClCompile Include="style\style_property.cpp">
      <Filter>style</Filter>
    </ClCompile>
    <ClCompile Include="style\style_value.cpp">
      <Filter>style</Filter>
    </ClCompile>
    <ClCompile Include="style\style_declaration.cpp">
      <Filter>style</Filter>
    </ClCompile>
    <ClCompile Include="style\style_rule.cpp">
      <Filter>style</Filter>
    </ClCompile>
    <ClCompile Include="style\style_selector.cpp">
      <Filter>style</Filter>
    </ClCompile>
    <ClCompile Include="style\style_parser.cpp">
      <Filter>style</Filter>
    </ClCompile>
    <ClCompile Include="base\color.cpp">
      <Filter>base</Filter>
    </ClCompile>
    <ClCompile Include="style\style_sheet.cpp">
      <Filter>style</Filter>
    </ClCompile>
    <ClCompile Include="base\inseting.cpp">
      <Filter>base</Filter>
    </ClCompile>
    <ClCompile Include="render\render_box.cpp">
      <Filter>render</Filter>
    </ClCompile>
    <ClCompile Include="third_party\gurl\gurl.cc">
      <Filter>third_party\gurl</Filter>
    </ClCompile>
    <ClCompile Include="third_party\gurl\url_canon_etc.cc">
      <Filter>third_party\gurl</Filter>
    </ClCompile>
    <ClCompile Include="third_party\gurl\url_canon_fileurl.cc">
      <Filter>third_party\gurl</Filter>
    </ClCompile>
    <ClCompile Include="third_party\gurl\url_canon_host.cc">
      <Filter>third_party\gurl</Filter>
    </ClCompile>
    <ClCompile Include="third_party\gurl\url_canon_icu.cc">
      <Filter>third_party\gurl</Filter>
    </ClCompile>
    <ClCompile Include="third_party\gurl\url_canon_internal.cc">
      <Filter>third_party\gurl</Filter>
    </ClCompile>
    <ClCompile Include="third_party\gurl\url_canon_ip.cc">
      <Filter>third_party\gurl</Filter>
    </ClCompile>
    <ClCompile Include="third_party\gurl\url_canon_path.cc">
      <Filter>third_party\gurl</Filter>
    </ClCompile>
    <ClCompile Include="third_party\gurl\url_canon_pathurl.cc">
      <Filter>third_party\gurl</Filter>
    </ClCompile>
    <ClCompile Include="third_party\gurl\url_canon_query.cc">
      <Filter>third_party\gurl</Filter>
    </ClCompile>
    <ClCompile Include="third_party\gurl\url_canon_relative.cc">
      <Filter>third_party\gurl</Filter>
    </ClCompile>
    <ClCompile Include="third_party\gurl\url_canon_stdurl.cc">
      <Filter>third_party\gurl</Filter>
    </ClCompile>
    <ClCompile Include="third_party\gurl\url_parse.cc">
      <Filter>third_party\gurl</Filter>
    </ClCompile>
    <ClCompile Include="third_party\gurl\url_parse_file.cc">
      <Filter>third_party\gurl</Filter>
    </ClCompile>
    <ClCompile Include="third_party\gurl\url_util.cc">
      <Filter>third_party\gurl</Filter>
    </ClCompile>
    <ClCompile Include="base\url.cpp">
      <Filter>base</Filter>
    </ClCompile>
    <ClCompile Include="utils\resource_loader.cpp">
      <Filter>utils</Filter>
    </ClCompile>
    <ClCompile Include="utils\resource_cache.cpp">
      <Filter>utils</Filter>
    </ClCompile>
    <ClCompile Include="dom\dom_parser.cpp">
      <Filter>dom</Filter>
    </ClCompile>
    <ClCompile Include="utils\icu_utf.cpp">
      <Filter>utils</Filter>
    </ClCompile>
    <ClCompile Include="render\render_widget.cpp">
      <Filter>render</Filter>
    </ClCompile>
    <ClCompile Include="render\render_content.cpp">
      <Filter>render</Filter>
    </ClCompile>
    <ClCompile Include="base\font.cpp">
      <Filter>base</Filter>
    </ClCompile>
    <ClCompile Include="render\render_styles.cpp">
      <Filter>render</Filter>
    </ClCompile>
  </ItemGroup>
  <ItemGroup>
    <ClInclude Include="stdafx.h">
      <Filter>build</Filter>
    </ClInclude>
    <ClInclude Include="targetver.h">
      <Filter>build</Filter>
    </ClInclude>
    <ClInclude Include="base\basictypes.h">
      <Filter>base</Filter>
    </ClInclude>
    <ClInclude Include="base\scoped_ptr.h">
      <Filter>base</Filter>
    </ClInclude>
    <ClInclude Include="core\app.h">
      <Filter>core</Filter>
    </ClInclude>
    <ClInclude Include="utils\app_init_helper.h">
      <Filter>utils</Filter>
    </ClInclude>
    <ClInclude Include="utils\utils.h">
      <Filter>utils</Filter>
    </ClInclude>
    <ClInclude Include="core\widget.h">
      <Filter>core</Filter>
    </ClInclude>
    <ClInclude Include="third_party\stb_image.h">
      <Filter>third_party</Filter>
    </ClInclude>
    <ClInclude Include="base\ref_counted.h">
      <Filter>base</Filter>
    </ClInclude>
    <ClInclude Include="utils\image_store.h">
      <Filter>utils</Filter>
    </ClInclude>
    <ClInclude Include="core\constants.h">
      <Filter>core</Filter>
    </ClInclude>
    <ClInclude Include="event\event.h">
      <Filter>event</Filter>
    </ClInclude>
    <ClInclude Include="event\mouse_event.h">
      <Filter>event</Filter>
    </ClInclude>
    <ClInclude Include="control\button.h">
      <Filter>control</Filter>
    </ClInclude>
    <ClInclude Include="duiframework.h" />
    <ClInclude Include="event\key_event.h">
      <Filter>event</Filter>
    </ClInclude>
    <ClInclude Include="render\uniscribe.h">
      <Filter>render</Filter>
    </ClInclude>
    <ClInclude Include="control\window.h">
      <Filter>control</Filter>
    </ClInclude>
    <ClInclude Include="event\focus_evnet.h">
      <Filter>event</Filter>
    </ClInclude>
    <ClInclude Include="core\text.h">
      <Filter>graphics</Filter>
    </ClInclude>
    <ClInclude Include="control\text_view.h">
      <Filter>control</Filter>
    </ClInclude>
    <ClInclude Include="control\control_factory.h">
      <Filter>control</Filter>
    </ClInclude>
    <ClInclude Include="third_party\tinyxml2.h">
      <Filter>third_party</Filter>
    </ClInclude>
    <ClInclude Include="core\view_factory.h">
      <Filter>core</Filter>
    </ClInclude>
    <ClInclude Include="base\color.h">
      <Filter>base</Filter>
    </ClInclude>
    <ClInclude Include="base\point.h">
      <Filter>base</Filter>
    </ClInclude>
    <ClInclude Include="base\range.h">
      <Filter>base</Filter>
    </ClInclude>
    <ClInclude Include="base\rect.h">
      <Filter>base</Filter>
    </ClInclude>
    <ClInclude Include="base\size.h">
      <Filter>base</Filter>
    </ClInclude>
    <ClInclude Include="base\base_defines.h">
      <Filter>base</Filter>
    </ClInclude>
    <ClInclude Include="base\matrix.h">
      <Filter>base</Filter>
    </ClInclude>
    <ClInclude Include="view\view.h">
      <Filter>view</Filter>
    </ClInclude>
    <ClInclude Include="view\view_background.h">
      <Filter>view</Filter>
    </ClInclude>
    <ClInclude Include="view\view_border.h">
      <Filter>view</Filter>
    </ClInclude>
    <ClInclude Include="view\view_container.h">
      <Filter>view</Filter>
    </ClInclude>
    <ClInclude Include="render\render_context.h">
      <Filter>render</Filter>
    </ClInclude>
    <ClInclude Include="base\value.h">
      <Filter>base</Filter>
    </ClInclude>
    <ClInclude Include="render\image.h">
      <Filter>render</Filter>
    </ClInclude>
    <ClInclude Include="utils\image_file.h">
      <Filter>utils</Filter>
    </ClInclude>
    <ClInclude Include="view\view_layout.h">
      <Filter>view</Filter>
    </ClInclude>
    <ClInclude Include="render\render_object.h">
      <Filter>render</Filter>
    </ClInclude>
    <ClInclude Include="dom\dom_document.h">
      <Filter>dom</Filter>
    </ClInclude>
    <ClInclude Include="dom\dom_element.h">
      <Filter>dom</Filter>
    </ClInclude>
    <ClInclude Include="dom\dom_node.h">
      <Filter>dom</Filter>
    </ClInclude>
    <ClInclude Include="control\window_builder.h">
      <Filter>control</Filter>
    </ClInclude>
    <ClInclude Include="utils\lex_parser.h">
      <Filter>utils</Filter>
    </ClInclude>
    <ClInclude Include="base\length.h">
      <Filter>base</Filter>
    </ClInclude>
    <ClInclude Include="style\style_scanner.h">
      <Filter>style</Filter>
    </ClInclude>
    <ClInclude Include="style\style_property.h">
      <Filter>style</Filter>
    </ClInclude>
    <ClInclude Include="style\style_value.h">
      <Filter>style</Filter>
    </ClInclude>
    <ClInclude Include="style\style_declaration.h">
      <Filter>style</Filter>
    </ClInclude>
    <ClInclude Include="style\style_rule.h">
      <Filter>style</Filter>
    </ClInclude>
    <ClInclude Include="style\style_selector.h">
      <Filter>style</Filter>
    </ClInclude>
    <ClInclude Include="style\style_parser.h">
      <Filter>style</Filter>
    </ClInclude>
    <ClInclude Include="style\style_sheet.h">
      <Filter>style</Filter>
    </ClInclude>
    <ClInclude Include="base\inseting.h">
      <Filter>base</Filter>
    </ClInclude>
    <ClInclude Include="render\render_box.h">
      <Filter>render</Filter>
    </ClInclude>
    <ClInclude Include="base\url.h">
      <Filter>base</Filter>
    </ClInclude>
    <ClInclude Include="third_party\gurl\gurl.h">
      <Filter>third_party\gurl</Filter>
    </ClInclude>
    <ClInclude Include="third_party\gurl\url_canon.h">
      <Filter>third_party\gurl</Filter>
    </ClInclude>
    <ClInclude Include="third_party\gurl\url_canon_icu.h">
      <Filter>third_party\gurl</Filter>
    </ClInclude>
    <ClInclude Include="third_party\gurl\url_canon_internal.h">
      <Filter>third_party\gurl</Filter>
    </ClInclude>
    <ClInclude Include="third_party\gurl\url_canon_internal_file.h">
      <Filter>third_party\gurl</Filter>
    </ClInclude>
    <ClInclude Include="third_party\gurl\url_canon_ip.h">
      <Filter>third_party\gurl</Filter>
    </ClInclude>
    <ClInclude Include="third_party\gurl\url_canon_stdstring.h">
      <Filter>third_party\gurl</Filter>
    </ClInclude>
    <ClInclude Include="third_party\gurl\url_file.h">
      <Filter>third_party\gurl</Filter>
    </ClInclude>
    <ClInclude Include="third_party\gurl\url_parse.h">
      <Filter>third_party\gurl</Filter>
    </ClInclude>
    <ClInclude Include="third_party\gurl\url_parse_internal.h">
      <Filter>third_party\gurl</Filter>
    </ClInclude>
    <ClInclude Include="third_party\gurl\url_util.h">
      <Filter>third_party\gurl</Filter>
    </ClInclude>
    <ClInclude Include="third_party\gurl\url_util_internal.h">
      <Filter>third_party\gurl</Filter>
    </ClInclude>
    <ClInclude Include="third_party\gurl\url_common.h">
      <Filter>third_party\gurl</Filter>
    </ClInclude>
    <ClInclude Include="utils\resource_loader.h">
      <Filter>utils</Filter>
    </ClInclude>
    <ClInclude Include="utils\resource_cache.h">
      <Filter>utils</Filter>
    </ClInclude>
    <ClInclude Include="dom\dom_parser.h">
      <Filter>dom</Filter>
    </ClInclude>
    <ClInclude Include="utils\icu_utf.h">
      <Filter>utils</Filter>
    </ClInclude>
    <ClInclude Include="third_party\gurl\url_canon_internal_res.h">
      <Filter>third_party\gurl</Filter>
    </ClInclude>
    <ClInclude Include="render\render_widget.h">
      <Filter>render</Filter>
    </ClInclude>
    <ClInclude Include="render\render_content.h">
      <Filter>render</Filter>
    </ClInclude>
    <ClInclude Include="dom\dom_include.h">
      <Filter>dom</Filter>
    </ClInclude>
    <ClInclude Include="dom\dom_forward.h">
      <Filter>dom</Filter>
    </ClInclude>
    <ClInclude Include="render\render_forward.h">
      <Filter>render</Filter>
    </ClInclude>
    <ClInclude Include="render\render_include.h">
      <Filter>render</Filter>
    </ClInclude>
    <ClInclude Include="base\font.h">
      <Filter>base</Filter>
    </ClInclude>
    <ClInclude Include="render\render_styles.h">
      <Filter>render</Filter>
    </ClInclude>
  </ItemGroup>
</Project>