<?xml version="1.0" encoding="utf-8"?>
<Project ToolsVersion="4.0" xmlns="http://schemas.microsoft.com/developer/msbuild/2003">
  <ItemGroup>
    <ClCompile Include="third_party\pixman\pixman\pixman.c">
      <Filter>Source Files</Filter>
    </ClCompile>
    <ClCompile Include="third_party\pixman\pixman\pixman-access.c">
      <Filter>Source Files</Filter>
    </ClCompile>
    <ClCompile Include="third_party\pixman\pixman\pixman-access-accessors.c">
      <Filter>Source Files</Filter>
    </ClCompile>
    <ClCompile Include="third_party\pixman\pixman\pixman-arm.c">
      <Filter>Source Files</Filter>
    </ClCompile>
    <ClCompile Include="third_party\pixman\pixman\pixman-bits-image.c">
      <Filter>Source Files</Filter>
    </ClCompile>
    <ClCompile Include="third_party\pixman\pixman\pixman-combine32.c">
      <Filter>Source Files</Filter>
    </ClCompile>
    <ClCompile Include="third_party\pixman\pixman\pixman-combine-float.c">
      <Filter>Source Files</Filter>
    </ClCompile>
    <ClCompile Include="third_party\pixman\pixman\pixman-conical-gradient.c">
      <Filter>Source Files</Filter>
    </ClCompile>
    <ClCompile Include="third_party\pixman\pixman\pixman-edge.c">
      <Filter>Source Files</Filter>
    </ClCompile>
    <ClCompile Include="third_party\pixman\pixman\pixman-edge-accessors.c">
      <Filter>Source Files</Filter>
    </ClCompile>
    <ClCompile Include="third_party\pixman\pixman\pixman-fast-path.c">
      <Filter>Source Files</Filter>
    </ClCompile>
    <ClCompile Include="third_party\pixman\pixman\pixman-filter.c">
      <Filter>Source Files</Filter>
    </ClCompile>
    <ClCompile Include="third_party\pixman\pixman\pixman-general.c">
      <Filter>Source Files</Filter>
    </ClCompile>
    <ClCompile Include="third_party\pixman\pixman\pixman-glyph.c">
      <Filter>Source Files</Filter>
    </ClCompile>
    <ClCompile Include="third_party\pixman\pixman\pixman-gradient-walker.c">
      <Filter>Source Files</Filter>
    </ClCompile>
    <ClCompile Include="third_party\pixman\pixman\pixman-image.c">
      <Filter>Source Files</Filter>
    </ClCompile>
    <ClCompile Include="third_party\pixman\pixman\pixman-implementation.c">
      <Filter>Source Files</Filter>
    </ClCompile>
    <ClCompile Include="third_party\pixman\pixman\pixman-linear-gradient.c">
      <Filter>Source Files</Filter>
    </ClCompile>
    <ClCompile Include="third_party\pixman\pixman\pixman-matrix.c">
      <Filter>Source Files</Filter>
    </ClCompile>
    <ClCompile Include="third_party\pixman\pixman\pixman-mips.c">
      <Filter>Source Files</Filter>
    </ClCompile>
    <ClCompile Include="third_party\pixman\pixman\pixman-mmx.c">
      <Filter>Source Files</Filter>
    </ClCompile>
    <ClCompile Include="third_party\pixman\pixman\pixman-noop.c">
      <Filter>Source Files</Filter>
    </ClCompile>
    <ClCompile Include="third_party\pixman\pixman\pixman-ppc.c">
      <Filter>Source Files</Filter>
    </ClCompile>
    <ClCompile Include="third_party\pixman\pixman\pixman-radial-gradient.c">
      <Filter>Source Files</Filter>
    </ClCompile>
    <ClCompile Include="third_party\pixman\pixman\pixman-region16.c">
      <Filter>Source Files</Filter>
    </ClCompile>
    <ClCompile Include="third_party\pixman\pixman\pixman-region32.c">
      <Filter>Source Files</Filter>
    </ClCompile>
    <ClCompile Include="third_party\pixman\pixman\pixman-solid-fill.c">
      <Filter>Source Files</Filter>
    </ClCompile>
    <ClCompile Include="third_party\pixman\pixman\pixman-sse2.c">
      <Filter>Source Files</Filter>
    </ClCompile>
    <ClCompile Include="third_party\pixman\pixman\pixman-timer.c">
      <Filter>Source Files</Filter>
    </ClCompile>
    <ClCompile Include="third_party\pixman\pixman\pixman-trap.c">
      <Filter>Source Files</Filter>
    </ClCompile>
    <ClCompile Include="third_party\pixman\pixman\pixman-utils.c">
      <Filter>Source Files</Filter>
    </ClCompile>
    <ClCompile Include="third_party\pixman\pixman\pixman-x86.c">
      <Filter>Source Files</Filter>
    </ClCompile>
  </ItemGroup>
  <ItemGroup>
    <Filter Include="Header Files">
      <UniqueIdentifier>{fde86db3-2c96-4751-9406-0db635cd3736}</UniqueIdentifier>
    </Filter>
    <Filter Include="Source Files">
      <UniqueIdentifier>{26c8b73b-cfe3-4628-8c4d-35c57198d96d}</UniqueIdentifier>
    </Filter>
  </ItemGroup>
  <ItemGroup>
    <ClInclude Include="third_party\pixman\pixman\pixman-combine32.h">
      <Filter>Header Files</Filter>
    </ClInclude>
    <ClInclude Include="third_party\pixman\pixman\pixman-compiler.h">
      <Filter>Header Files</Filter>
    </ClInclude>
    <ClInclude Include="third_party\pixman\pixman\pixman-edge-imp.h">
      <Filter>Header Files</Filter>
    </ClInclude>
    <ClInclude Include="third_party\pixman\pixman\pixman-inlines.h">
      <Filter>Header Files</Filter>
    </ClInclude>
    <ClInclude Include="third_party\pixman\pixman\pixman-private.h">
      <Filter>Header Files</Filter>
    </ClInclude>
    <ClInclude Include="third_party\pixman\pixman\pixman.h">
      <Filter>Header Files</Filter>
    </ClInclude>
    <ClInclude Include="third_party\pixman\pixman\pixman-accessor.h">
      <Filter>Header Files</Filter>
    </ClInclude>
    <ClInclude Include="third_party\pixman\pixman\config.h">
      <Filter>Header Files</Filter>
    </ClInclude>
  </ItemGroup>
</Project>